
Microsoft Visual Studio Solution File, Format Version 12.00
# Visual Studio Version 17
VisualStudioVersion = 17.13.35931.197 d17.13
MinimumVisualStudioVersion = 10.0.40219.1
Project("{FAE04EC0-301F-11D3-BF4B-00C04F79EFBC}") = "event-sheduler-and-conflict-detector-api", "event-sheduler-and-conflict-detector-api\event-sheduler-and-conflict-detector-api.csproj", "{3AB1345B-8E7F-47D4-BCC5-9B375D072541}"
EndProject
Global
	GlobalSection(SolutionConfigurationPlatforms) = preSolution
		Debug|Any CPU = Debug|Any CPU
		Release|Any CPU = Release|Any CPU
	EndGlobalSection
	GlobalSection(ProjectConfigurationPlatforms) = postSolution
		{3AB1345B-8E7F-47D4-BCC5-9B375D072541}.Debug|Any CPU.ActiveCfg = Debug|Any CPU
		{3AB1345B-8E7F-47D4-BCC5-9B375D072541}.Debug|Any CPU.Build.0 = Debug|Any CPU
		{3AB1345B-8E7F-47D4-BCC5-9B375D072541}.Release|Any CPU.ActiveCfg = Release|Any CPU
		{3AB1345B-8E7F-47D4-BCC5-9B375D072541}.Release|Any CPU.Build.0 = Release|Any CPU
	EndGlobalSection
	GlobalSection(SolutionProperties) = preSolution
		HideSolutionNode = FALSE
	EndGlobalSection
	GlobalSection(ExtensibilityGlobals) = postSolution
		SolutionGuid = {D1553330-AB0E-49FB-9242-2996DF514FBF}
	EndGlobalSection
EndGlobal
